// !$*UTF8*$!
{
	archiveVersion = 1;
	classes = {
	};
	objectVersion = 46;
	objects = {
/* Begin PBXBuildFile section */
		0207DA581B56EA530066E2B4 /* Images.xcassets in Resources */ = {isa = PBXBuildFile; fileRef = 0207DA571B56EA530066E2B4 /* Images.xcassets */; };
		1D3623260D0F684500981E51 /* AppDelegate.m in Sources */ = {isa = PBXBuildFile; fileRef = 1D3623250D0F684500981E51 /* AppDelegate.m */; };
		1D60589B0D05DD56006BFB54 /* main.m in Sources */ = {isa = PBXBuildFile; fileRef = 29B97316FDCFA39411CA2CEA /* main.m */; };
		301BF552109A68D80062928A /* libCordova.a in Frameworks */ = {isa = PBXBuildFile; fileRef = 301BF535109A57CC0062928A /* libCordova.a */; };
		302D95F114D2391D003F00A1 /* MainViewController.m in Sources */ = {isa = PBXBuildFile; fileRef = 302D95EF14D2391D003F00A1 /* MainViewController.m */; };
		302D95F214D2391D003F00A1 /* MainViewController.xib in Resources */ = {isa = PBXBuildFile; fileRef = 302D95F014D2391D003F00A1 /* MainViewController.xib */; };
		3047A5121AB8059700498E2A /* build-debug.xcconfig in Resources */ = {isa = PBXBuildFile; fileRef = 3047A50F1AB8059700498E2A /* build-debug.xcconfig */; };
		3047A5131AB8059700498E2A /* build-release.xcconfig in Resources */ = {isa = PBXBuildFile; fileRef = 3047A5101AB8059700498E2A /* build-release.xcconfig */; };
		3047A5141AB8059700498E2A /* build.xcconfig in Resources */ = {isa = PBXBuildFile; fileRef = 3047A5111AB8059700498E2A /* build.xcconfig */; };
		413F138DA1C94EDC9C2D024C /* CDVLogger.m in Sources */ = {isa = PBXBuildFile; fileRef = DCDF434E632A45B98D0FEA4A /* CDVLogger.m */; };
		D21E0EB71DDC4AC097791DD2 /* CDVDevice.m in Sources */ = {isa = PBXBuildFile; fileRef = 82DE01276111460585DF6A53 /* CDVDevice.m */; };
		6C3C88B1F46544FB8E53B86E /* CDVStatusBar.m in Sources */ = {isa = PBXBuildFile; fileRef = 61CD46EE8D354815B14BC979 /* CDVStatusBar.m */; };
		A59B466E579644EFAC66060F /* IonicKeyboard.m in Sources */ = {isa = PBXBuildFile; fileRef = 8BECC76D397A4125B258C3FF /* IonicKeyboard.m */; };
		4C80102DA80A4CE0AFA84E67 /* CDVInAppBrowser.m in Sources */ = {isa = PBXBuildFile; fileRef = 5860695E53734FB2AE95C55C /* CDVInAppBrowser.m */; };
		98B3049C4928481CB6FEAF23 /* CDVPluginExt.m in Sources */ = {isa = PBXBuildFile; fileRef = BC2EC248617541C0B0BB39B2 /* CDVPluginExt.m */; };
		11A9428B70AD475B9211198D /* libCordovaGenericAd.a in Frameworks */ = {isa = PBXBuildFile; fileRef = F4D7318ACDB542C7A3BC4C58 /* libCordovaGenericAd.a */; };
		FE1B587104E846DA9622C7B2 /* CFNetwork.framework in Frameworks */ = {isa = PBXBuildFile; fileRef = F02CCFDE0B494FB9ADC91670 /* CFNetwork.framework */; };
		389C4E79170D4F67AA4DF971 /* CDVAdMobPlugin.m in Sources */ = {isa = PBXBuildFile; fileRef = 80DA7ADC92324D34A675803B /* CDVAdMobPlugin.m */; };
		C2FAC292457F434E8955FD85 /* AdMobMediation.m in Sources */ = {isa = PBXBuildFile; fileRef = 250C0EEA722E4FCABB3A5B33 /* AdMobMediation.m */; };
		AAA64623B2B54B218B3CCB0E /* GoogleMobileAds.framework in Frameworks */ = {isa = PBXBuildFile; fileRef = 757CD187707E4ABB81513482 /* GoogleMobileAds.framework */; };
		1CE52C9CD3B84541A4457693 /* AdSupport.framework in Frameworks */ = {isa = PBXBuildFile; fileRef = 1939C7B1EC34444DB44A971D /* AdSupport.framework */; };
		E089924B7DB54C159BB29641 /* AudioToolbox.framework in Frameworks */ = {isa = PBXBuildFile; fileRef = 657C400C20D84F3DBE56724A /* AudioToolbox.framework */; };
		BBAA8876E07844018649F898 /* AVFoundation.framework in Frameworks */ = {isa = PBXBuildFile; fileRef = AFCE6E578A7B49A0BF58AA08 /* AVFoundation.framework */; };
		E05551326E674776A807D5F3 /* CoreBluetooth.framework in Frameworks */ = {isa = PBXBuildFile; fileRef = D7E9E37A053C493B9AD449F5 /* CoreBluetooth.framework */; };
		64DF849407164D07AD24140A /* CoreLocation.framework in Frameworks */ = {isa = PBXBuildFile; fileRef = 0B4A2FC5007C4C619DBFF421 /* CoreLocation.framework */; };
		BEBA87DE8CFB4D7F8B5E514F /* CoreMedia.framework in Frameworks */ = {isa = PBXBuildFile; fileRef = 02336C207ABB4D309524BFE3 /* CoreMedia.framework */; };
		AAD6A835FFB84129BAEAA166 /* CoreMotion.framework in Frameworks */ = {isa = PBXBuildFile; fileRef = 57E5E10CA6B142B4B756E77D /* CoreMotion.framework */; };
		D5355BCD483B4F15A417CEE2 /* CoreTelephony.framework in Frameworks */ = {isa = PBXBuildFile; fileRef = 44229EECF7474F01976CDC28 /* CoreTelephony.framework */; };
		DBE1D307D524416B933B8BB3 /* CoreVideo.framework in Frameworks */ = {isa = PBXBuildFile; fileRef = 6EE1B8F629974915AF136DC1 /* CoreVideo.framework */; };
		6DB638B153894EAD83A44496 /* EventKit.framework in Frameworks */ = {isa = PBXBuildFile; fileRef = 1BE9C3887EBB406897F78A79 /* EventKit.framework */; };
		02C85D85B76146108C4ABC83 /* EventKitUI.framework in Frameworks */ = {isa = PBXBuildFile; fileRef = 3DB87489FD0F4D60BFAEE3E5 /* EventKitUI.framework */; };
		977C2A983CD6470EBA70A45B /* Foundation.framework in Frameworks */ = {isa = PBXBuildFile; fileRef = 14B98EA43139444590B404DF /* Foundation.framework */; };
		0E20F1C703854BE8BB23D6FF /* GLKit.framework in Frameworks */ = {isa = PBXBuildFile; fileRef = 58E5D5A80AD048C891A73CCF /* GLKit.framework */; };
		6F06BDDC1D85472A88A2A8D9 /* MediaPlayer.framework in Frameworks */ = {isa = PBXBuildFile; fileRef = D7EACA5CD6904B19856DF4C5 /* MediaPlayer.framework */; };
		91C8F2D8A1694CB193267BD4 /* MessageUI.framework in Frameworks */ = {isa = PBXBuildFile; fileRef = 225A841DA56E4F4FA643AE34 /* MessageUI.framework */; };
		F2643D98C0BD447A92C2CD8F /* OpenGLES.framework in Frameworks */ = {isa = PBXBuildFile; fileRef = EED752BB18D94B7EA65E052B /* OpenGLES.framework */; };
		C2812D1F5A22473A9559888F /* SafariServices.framework in Frameworks */ = {isa = PBXBuildFile; fileRef = F8887DF31B0E48E788A85484 /* SafariServices.framework */; };
		93FACB823E2D4281825D89A0 /* StoreKit.framework in Frameworks */ = {isa = PBXBuildFile; fileRef = 0EEC05F59294460382B9FBD8 /* StoreKit.framework */; };
		DE589B17163C47F6B30066EA /* SystemConfiguration.framework in Frameworks */ = {isa = PBXBuildFile; fileRef = BBFF923932954BF089A7C5B5 /* SystemConfiguration.framework */; };
		924F972DAB0041E2BCD1A473 /* UIKit.framework in Frameworks */ = {isa = PBXBuildFile; fileRef = 16BDC7E63C124E948968CDC9 /* UIKit.framework */; };
		637355B2242F4624AE153FF4 /* CDVAppFeelReachability.m in Sources */ = {isa = PBXBuildFile; fileRef = 1718892CFEA64DBF8DB38310 /* CDVAppFeelReachability.m */; };
		3CC07B67A54849FAB91BBD33 /* AppFeelReachability.m in Sources */ = {isa = PBXBuildFile; fileRef = 54389C51AEAC4339B68EE1C1 /* AppFeelReachability.m */; };
		70D8D058A3ED4287B90D4B73 /* AddressBook.framework in Frameworks */ = {isa = PBXBuildFile; fileRef = A91B2BA5EB434C3A8955AD35 /* AddressBook.framework */; settings = {ATTRIBUTES = (Weak, ); }; };
		81A8536605384FC6BBCE9660 /* CoreText.framework in Frameworks */ = {isa = PBXBuildFile; fileRef = A521AE92A3634B0D9AB74872 /* CoreText.framework */; settings = {ATTRIBUTES = (Weak, ); }; };
		A92FF5F36DF54FFF8DAAC24D /* Security.framework in Frameworks */ = {isa = PBXBuildFile; fileRef = CDA07FDC066543679F1B8ECA /* Security.framework */; settings = {ATTRIBUTES = (Weak, ); }; };
		1253C8BB63394C4F80EC9199 /* libz.tbd in Frameworks */ = {isa = PBXBuildFile; fileRef = D26B742894C54A9C88B27CB8 /* libz.tbd */; settings = {ATTRIBUTES = (Weak, ); }; };
		8771C8726CAA40D9A7F5B49C /* libz.dylib in Frameworks */ = {isa = PBXBuildFile; fileRef = B9291DDDA6044D26A9FFB335 /* libz.dylib */; settings = {ATTRIBUTES = (Weak, ); }; };
		4DCB1DD4547049E9B7EB35CA /* Uoft GPA.entitlements in Resources */ = {isa = PBXBuildFile; fileRef = 3660A9A5F41840BD9C89142D /* Uoft GPA.entitlements */; };
		38854644734C40B3AEDA4FEF /* CDVSplashScreen.m in Sources */ = {isa = PBXBuildFile; fileRef = 2425FE7A63AF41619D3ADC29 /* CDVSplashScreen.m */; };
		8277093F88A14A35B6DEA46E /* CDVViewController+SplashScreen.m in Sources */ = {isa = PBXBuildFile; fileRef = 3ACA192758694BA49DC5A929 /* CDVViewController+SplashScreen.m */; };
		A27C213D7C0141CB845D5978 /* AppDelegate+FirebasePlugin.m in Sources */ = {isa = PBXBuildFile; fileRef = F6C52CD22DCC4779877C8F9B /* AppDelegate+FirebasePlugin.m */; };
		254E2FE45A1E4ED4B690FB6E /* FirebasePlugin.m in Sources */ = {isa = PBXBuildFile; fileRef = 5F7D2A9F5D13429FABC691BD /* FirebasePlugin.m */; };
		B145A60556B34812BC48364E /* GoogleService-Info.plist in Resources */ = {isa = PBXBuildFile; fileRef = D3CAC778EC424D9BAB782459 /* GoogleService-Info.plist */; };
		6B88BDA8825B481DBFB2DFEC /* FirebaseAnalytics.framework in Frameworks */ = {isa = PBXBuildFile; fileRef = 8274E08359104EEEBE92DD32 /* FirebaseAnalytics.framework */; };
		B573B8958A1B4FC99CFD68E2 /* FirebaseCore.framework in Frameworks */ = {isa = PBXBuildFile; fileRef = E70BCA145F0C430EBEB7C0E9 /* FirebaseCore.framework */; };
		A3524916C151417EA0671C43 /* FirebaseInstanceID.framework in Frameworks */ = {isa = PBXBuildFile; fileRef = B343EA756E4C4EAF8DEB249A /* FirebaseInstanceID.framework */; };
		ADC3B22C46474230BCD151DC /* GoogleToolboxForMac.framework in Frameworks */ = {isa = PBXBuildFile; fileRef = 74E4048109BA4CA6B9FA8D8D /* GoogleToolboxForMac.framework */; };
		E37EEEC97DB74CC0B0215AF8 /* Protobuf.framework in Frameworks */ = {isa = PBXBuildFile; fileRef = 1094EDB4733F414E8589020A /* Protobuf.framework */; };
		76C75188FAF349538F4CC2D7 /* FirebaseMessaging.framework in Frameworks */ = {isa = PBXBuildFile; fileRef = 88F83A62B09B408DAEC9E5C0 /* FirebaseMessaging.framework */; };
		386D08ABF1FF4301A68299B3 /* FirebaseCrash.framework in Frameworks */ = {isa = PBXBuildFile; fileRef = 98F06BF0BF3246A4AA658BEA /* FirebaseCrash.framework */; };
		8DA5F322F5C34D9DBDD9E163 /* FirebaseRemoteConfig.framework in Frameworks */ = {isa = PBXBuildFile; fileRef = 465FEDA19D794F54808D6FCC /* FirebaseRemoteConfig.framework */; };
/* End PBXBuildFile section */

/* Begin PBXContainerItemProxy section */
		301BF534109A57CC0062928A /* PBXContainerItemProxy */ = {
			isa = PBXContainerItemProxy;
			containerPortal = 301BF52D109A57CC0062928A /* CordovaLib.xcodeproj */;
			proxyType = 2;
			remoteGlobalIDString = D2AAC07E0554694100DB518D;
			remoteInfo = CordovaLib;
		};
		301BF550109A68C00062928A /* PBXContainerItemProxy */ = {
			isa = PBXContainerItemProxy;
			containerPortal = 301BF52D109A57CC0062928A /* CordovaLib.xcodeproj */;
			proxyType = 1;
			remoteGlobalIDString = D2AAC07D0554694100DB518D;
			remoteInfo = CordovaLib;
		};
/* End PBXContainerItemProxy section */

/* Begin PBXFileReference section */
		0207DA571B56EA530066E2B4 /* Images.xcassets */ = {isa = PBXFileReference; lastKnownFileType = folder.assetcatalog; name = Images.xcassets; path = "Uoft GPA/Images.xcassets"; sourceTree = SOURCE_ROOT; };
		1D3623240D0F684500981E51 /* AppDelegate.h */ = {isa = PBXFileReference; fileEncoding = 4; lastKnownFileType = sourcecode.c.h; path = AppDelegate.h; sourceTree = "<group>"; };
		1D3623250D0F684500981E51 /* AppDelegate.m */ = {isa = PBXFileReference; fileEncoding = 4; lastKnownFileType = sourcecode.c.objc; path = AppDelegate.m; sourceTree = "<group>"; };
		1D6058910D05DD3D006BFB54 /* Uoft GPA.app */ = {isa = PBXFileReference; explicitFileType = wrapper.application; includeInIndex = 0; path = "Uoft GPA.app"; sourceTree = BUILT_PRODUCTS_DIR; };
		29B97316FDCFA39411CA2CEA /* main.m */ = {isa = PBXFileReference; fileEncoding = 4; lastKnownFileType = sourcecode.c.objc; path = main.m; sourceTree = "<group>"; };
		301BF52D109A57CC0062928A /* CordovaLib.xcodeproj */ = {isa = PBXFileReference; lastKnownFileType = "wrapper.pb-project"; name = CordovaLib.xcodeproj; path = CordovaLib/CordovaLib.xcodeproj; sourceTree = "<group>"; };
		301BF56E109A69640062928A /* www */ = {isa = PBXFileReference; lastKnownFileType = folder; path = www; sourceTree = SOURCE_ROOT; };
		302D95EE14D2391D003F00A1 /* MainViewController.h */ = {isa = PBXFileReference; fileEncoding = 4; lastKnownFileType = sourcecode.c.h; path = MainViewController.h; sourceTree = "<group>"; };
		302D95EF14D2391D003F00A1 /* MainViewController.m */ = {isa = PBXFileReference; fileEncoding = 4; lastKnownFileType = sourcecode.c.objc; path = MainViewController.m; sourceTree = "<group>"; };
		302D95F014D2391D003F00A1 /* MainViewController.xib */ = {isa = PBXFileReference; fileEncoding = 4; lastKnownFileType = file.xib; path = MainViewController.xib; sourceTree = "<group>"; };
		3047A50F1AB8059700498E2A /* build-debug.xcconfig */ = {isa = PBXFileReference; fileEncoding = 4; lastKnownFileType = text.xcconfig; name = "build-debug.xcconfig"; path = cordova/build-debug.xcconfig; sourceTree = SOURCE_ROOT; };
		3047A5101AB8059700498E2A /* build-release.xcconfig */ = {isa = PBXFileReference; fileEncoding = 4; lastKnownFileType = text.xcconfig; name = "build-release.xcconfig"; path = cordova/build-release.xcconfig; sourceTree = SOURCE_ROOT; };
		3047A5111AB8059700498E2A /* build.xcconfig */ = {isa = PBXFileReference; fileEncoding = 4; lastKnownFileType = text.xcconfig; name = build.xcconfig; path = cordova/build.xcconfig; sourceTree = SOURCE_ROOT; };
		32CA4F630368D1EE00C91783 /* Uoft GPA-Prefix.pch */ = {isa = PBXFileReference; fileEncoding = 4; lastKnownFileType = sourcecode.c.h; path = "Uoft GPA-Prefix.pch"; sourceTree = "<group>"; };
		8D1107310486CEB800E47090 /* Uoft GPA-Info.plist */ = {isa = PBXFileReference; fileEncoding = 4; lastKnownFileType = text.plist.xml; name = "Uoft GPA-Info.plist"; path = "Uoft GPA/Uoft GPA-Info.plist"; plistStructureDefinitionIdentifier = "com.apple.xcode.plist.structure-definition.iphone.info-plist"; sourceTree = SOURCE_ROOT; };
		EB87FDF31871DA8E0020F90C /* www */ = {isa = PBXFileReference; lastKnownFileType = folder; name = www; path = ../../www; sourceTree = "<group>"; };
		EB87FDF41871DAF40020F90C /* config.xml */ = {isa = PBXFileReference; lastKnownFileType = text.xml; name = config.xml; path = ../../config.xml; sourceTree = "<group>"; };
		F840E1F0165FE0F500CFE078 /* config.xml */ = {isa = PBXFileReference; lastKnownFileType = text.xml; name = config.xml; path = "Uoft GPA/config.xml"; sourceTree = "<group>"; };
		ED33DF2A687741AEAF9F8254 /* Bridging-Header.h */ = {isa = PBXFileReference; fileEncoding = 4; lastKnownFileType = sourcecode.c.h; name = "Bridging-Header.h"; path = "Bridging-Header.h"; sourceTree = "<group>"; };
		DCDF434E632A45B98D0FEA4A /* CDVLogger.m */ = {isa = PBXFileReference; name = "CDVLogger.m"; path = "cordova-plugin-console/CDVLogger.m"; sourceTree = "<group>"; fileEncoding = 4; lastKnownFileType = sourcecode.c.objc; explicitFileType = undefined; includeInIndex = 0; };
		12846D47422B4CD6B9FEBB25 /* CDVLogger.h */ = {isa = PBXFileReference; name = "CDVLogger.h"; path = "cordova-plugin-console/CDVLogger.h"; sourceTree = "<group>"; fileEncoding = 4; lastKnownFileType = sourcecode.c.h; explicitFileType = undefined; includeInIndex = 0; };
		82DE01276111460585DF6A53 /* CDVDevice.m */ = {isa = PBXFileReference; name = "CDVDevice.m"; path = "cordova-plugin-device/CDVDevice.m"; sourceTree = "<group>"; fileEncoding = 4; lastKnownFileType = sourcecode.c.objc; explicitFileType = undefined; includeInIndex = 0; };
		46CBEC04524D4F9E8F8C1FC8 /* CDVDevice.h */ = {isa = PBXFileReference; name = "CDVDevice.h"; path = "cordova-plugin-device/CDVDevice.h"; sourceTree = "<group>"; fileEncoding = 4; lastKnownFileType = sourcecode.c.h; explicitFileType = undefined; includeInIndex = 0; };
		61CD46EE8D354815B14BC979 /* CDVStatusBar.m */ = {isa = PBXFileReference; name = "CDVStatusBar.m"; path = "cordova-plugin-statusbar/CDVStatusBar.m"; sourceTree = "<group>"; fileEncoding = 4; lastKnownFileType = sourcecode.c.objc; explicitFileType = undefined; includeInIndex = 0; };
		509EBEB2953E482993E678A0 /* CDVStatusBar.h */ = {isa = PBXFileReference; name = "CDVStatusBar.h"; path = "cordova-plugin-statusbar/CDVStatusBar.h"; sourceTree = "<group>"; fileEncoding = 4; lastKnownFileType = sourcecode.c.h; explicitFileType = undefined; includeInIndex = 0; };
		8BECC76D397A4125B258C3FF /* IonicKeyboard.m */ = {isa = PBXFileReference; name = "IonicKeyboard.m"; path = "ionic-plugin-keyboard/IonicKeyboard.m"; sourceTree = "<group>"; fileEncoding = 4; lastKnownFileType = sourcecode.c.objc; explicitFileType = undefined; includeInIndex = 0; };
		52E083BB3B2742AB9A08AB5B /* IonicKeyboard.h */ = {isa = PBXFileReference; name = "IonicKeyboard.h"; path = "ionic-plugin-keyboard/IonicKeyboard.h"; sourceTree = "<group>"; fileEncoding = 4; lastKnownFileType = sourcecode.c.h; explicitFileType = undefined; includeInIndex = 0; };
		5860695E53734FB2AE95C55C /* CDVInAppBrowser.m */ = {isa = PBXFileReference; name = "CDVInAppBrowser.m"; path = "cordova-plugin-inappbrowser/CDVInAppBrowser.m"; sourceTree = "<group>"; fileEncoding = 4; lastKnownFileType = sourcecode.c.objc; explicitFileType = undefined; includeInIndex = 0; };
		24F6C0E2BD2C4E9F82F26D77 /* CDVInAppBrowser.h */ = {isa = PBXFileReference; name = "CDVInAppBrowser.h"; path = "cordova-plugin-inappbrowser/CDVInAppBrowser.h"; sourceTree = "<group>"; fileEncoding = 4; lastKnownFileType = sourcecode.c.h; explicitFileType = undefined; includeInIndex = 0; };
		BC2EC248617541C0B0BB39B2 /* CDVPluginExt.m */ = {isa = PBXFileReference; name = "CDVPluginExt.m"; path = "cordova-plugin-extension/CDVPluginExt.m"; sourceTree = "<group>"; fileEncoding = 4; lastKnownFileType = sourcecode.c.objc; explicitFileType = undefined; includeInIndex = 0; };
		F4D7318ACDB542C7A3BC4C58 /* libCordovaGenericAd.a */ = {isa = PBXFileReference; name = "libCordovaGenericAd.a"; path = "Uoft GPA/Plugins/cordova-plugin-extension/libCordovaGenericAd.a"; sourceTree = "<group>"; fileEncoding = undefined; lastKnownFileType = archive.ar; explicitFileType = undefined; includeInIndex = 0; };
		1057A60DA44E45D3A75DB4C7 /* PluginAdapterDelegate.h */ = {isa = PBXFileReference; name = "PluginAdapterDelegate.h"; path = "cordova-plugin-extension/PluginAdapterDelegate.h"; sourceTree = "<group>"; fileEncoding = 4; lastKnownFileType = sourcecode.c.h; explicitFileType = undefined; includeInIndex = 0; };
		8CA1A33C448D4231856CE34B /* CDVPluginExt.h */ = {isa = PBXFileReference; name = "CDVPluginExt.h"; path = "cordova-plugin-extension/CDVPluginExt.h"; sourceTree = "<group>"; fileEncoding = 4; lastKnownFileType = sourcecode.c.h; explicitFileType = undefined; includeInIndex = 0; };
		48B4F4320B5F4D53BA196BBB /* GenericAdPlugin.h */ = {isa = PBXFileReference; name = "GenericAdPlugin.h"; path = "cordova-plugin-extension/GenericAdPlugin.h"; sourceTree = "<group>"; fileEncoding = 4; lastKnownFileType = sourcecode.c.h; explicitFileType = undefined; includeInIndex = 0; };
		F02CCFDE0B494FB9ADC91670 /* CFNetwork.framework */ = {isa = PBXFileReference; name = "CFNetwork.framework"; path = "System/Library/Frameworks/CFNetwork.framework"; sourceTree = SDKROOT; fileEncoding = undefined; lastKnownFileType = wrapper.framework; explicitFileType = undefined; includeInIndex = 0; };
		80DA7ADC92324D34A675803B /* CDVAdMobPlugin.m */ = {isa = PBXFileReference; name = "CDVAdMobPlugin.m"; path = "cordova-plugin-admobpro/CDVAdMobPlugin.m"; sourceTree = "<group>"; fileEncoding = 4; lastKnownFileType = sourcecode.c.objc; explicitFileType = undefined; includeInIndex = 0; };
		250C0EEA722E4FCABB3A5B33 /* AdMobMediation.m */ = {isa = PBXFileReference; name = "AdMobMediation.m"; path = "cordova-plugin-admobpro/AdMobMediation.m"; sourceTree = "<group>"; fileEncoding = 4; lastKnownFileType = sourcecode.c.objc; explicitFileType = undefined; includeInIndex = 0; };
		7680D754B3A04AE29B02BD18 /* CDVAdMobPlugin.h */ = {isa = PBXFileReference; name = "CDVAdMobPlugin.h"; path = "cordova-plugin-admobpro/CDVAdMobPlugin.h"; sourceTree = "<group>"; fileEncoding = 4; lastKnownFileType = sourcecode.c.h; explicitFileType = undefined; includeInIndex = 0; };
		587BD2F0351E4CA8A8EBAACD /* AdMobMediation.h */ = {isa = PBXFileReference; name = "AdMobMediation.h"; path = "cordova-plugin-admobpro/AdMobMediation.h"; sourceTree = "<group>"; fileEncoding = 4; lastKnownFileType = sourcecode.c.h; explicitFileType = undefined; includeInIndex = 0; };
		757CD187707E4ABB81513482 /* GoogleMobileAds.framework */ = {isa = PBXFileReference; name = "GoogleMobileAds.framework"; path = "Uoft GPA/Plugins/cordova-plugin-admobpro/GoogleMobileAds.framework"; sourceTree = "<group>"; fileEncoding = undefined; lastKnownFileType = wrapper.framework; explicitFileType = undefined; includeInIndex = 0; };
		1939C7B1EC34444DB44A971D /* AdSupport.framework */ = {isa = PBXFileReference; name = "AdSupport.framework"; path = "System/Library/Frameworks/AdSupport.framework"; sourceTree = SDKROOT; fileEncoding = undefined; lastKnownFileType = wrapper.framework; explicitFileType = undefined; includeInIndex = 0; };
		657C400C20D84F3DBE56724A /* AudioToolbox.framework */ = {isa = PBXFileReference; name = "AudioToolbox.framework"; path = "System/Library/Frameworks/AudioToolbox.framework"; sourceTree = SDKROOT; fileEncoding = undefined; lastKnownFileType = wrapper.framework; explicitFileType = undefined; includeInIndex = 0; };
		AFCE6E578A7B49A0BF58AA08 /* AVFoundation.framework */ = {isa = PBXFileReference; name = "AVFoundation.framework"; path = "System/Library/Frameworks/AVFoundation.framework"; sourceTree = SDKROOT; fileEncoding = undefined; lastKnownFileType = wrapper.framework; explicitFileType = undefined; includeInIndex = 0; };
		D7E9E37A053C493B9AD449F5 /* CoreBluetooth.framework */ = {isa = PBXFileReference; name = "CoreBluetooth.framework"; path = "System/Library/Frameworks/CoreBluetooth.framework"; sourceTree = SDKROOT; fileEncoding = undefined; lastKnownFileType = wrapper.framework; explicitFileType = undefined; includeInIndex = 0; };
		0B4A2FC5007C4C619DBFF421 /* CoreLocation.framework */ = {isa = PBXFileReference; name = "CoreLocation.framework"; path = "System/Library/Frameworks/CoreLocation.framework"; sourceTree = SDKROOT; fileEncoding = undefined; lastKnownFileType = wrapper.framework; explicitFileType = undefined; includeInIndex = 0; };
		02336C207ABB4D309524BFE3 /* CoreMedia.framework */ = {isa = PBXFileReference; name = "CoreMedia.framework"; path = "System/Library/Frameworks/CoreMedia.framework"; sourceTree = SDKROOT; fileEncoding = undefined; lastKnownFileType = wrapper.framework; explicitFileType = undefined; includeInIndex = 0; };
		57E5E10CA6B142B4B756E77D /* CoreMotion.framework */ = {isa = PBXFileReference; name = "CoreMotion.framework"; path = "System/Library/Frameworks/CoreMotion.framework"; sourceTree = SDKROOT; fileEncoding = undefined; lastKnownFileType = wrapper.framework; explicitFileType = undefined; includeInIndex = 0; };
		44229EECF7474F01976CDC28 /* CoreTelephony.framework */ = {isa = PBXFileReference; name = "CoreTelephony.framework"; path = "System/Library/Frameworks/CoreTelephony.framework"; sourceTree = SDKROOT; fileEncoding = undefined; lastKnownFileType = wrapper.framework; explicitFileType = undefined; includeInIndex = 0; };
		6EE1B8F629974915AF136DC1 /* CoreVideo.framework */ = {isa = PBXFileReference; name = "CoreVideo.framework"; path = "System/Library/Frameworks/CoreVideo.framework"; sourceTree = SDKROOT; fileEncoding = undefined; lastKnownFileType = wrapper.framework; explicitFileType = undefined; includeInIndex = 0; };
		1BE9C3887EBB406897F78A79 /* EventKit.framework */ = {isa = PBXFileReference; name = "EventKit.framework"; path = "System/Library/Frameworks/EventKit.framework"; sourceTree = SDKROOT; fileEncoding = undefined; lastKnownFileType = wrapper.framework; explicitFileType = undefined; includeInIndex = 0; };
		3DB87489FD0F4D60BFAEE3E5 /* EventKitUI.framework */ = {isa = PBXFileReference; name = "EventKitUI.framework"; path = "System/Library/Frameworks/EventKitUI.framework"; sourceTree = SDKROOT; fileEncoding = undefined; lastKnownFileType = wrapper.framework; explicitFileType = undefined; includeInIndex = 0; };
		14B98EA43139444590B404DF /* Foundation.framework */ = {isa = PBXFileReference; name = "Foundation.framework"; path = "System/Library/Frameworks/Foundation.framework"; sourceTree = SDKROOT; fileEncoding = undefined; lastKnownFileType = wrapper.framework; explicitFileType = undefined; includeInIndex = 0; };
		58E5D5A80AD048C891A73CCF /* GLKit.framework */ = {isa = PBXFileReference; name = "GLKit.framework"; path = "System/Library/Frameworks/GLKit.framework"; sourceTree = SDKROOT; fileEncoding = undefined; lastKnownFileType = wrapper.framework; explicitFileType = undefined; includeInIndex = 0; };
		D7EACA5CD6904B19856DF4C5 /* MediaPlayer.framework */ = {isa = PBXFileReference; name = "MediaPlayer.framework"; path = "System/Library/Frameworks/MediaPlayer.framework"; sourceTree = SDKROOT; fileEncoding = undefined; lastKnownFileType = wrapper.framework; explicitFileType = undefined; includeInIndex = 0; };
		225A841DA56E4F4FA643AE34 /* MessageUI.framework */ = {isa = PBXFileReference; name = "MessageUI.framework"; path = "System/Library/Frameworks/MessageUI.framework"; sourceTree = SDKROOT; fileEncoding = undefined; lastKnownFileType = wrapper.framework; explicitFileType = undefined; includeInIndex = 0; };
		EED752BB18D94B7EA65E052B /* OpenGLES.framework */ = {isa = PBXFileReference; name = "OpenGLES.framework"; path = "System/Library/Frameworks/OpenGLES.framework"; sourceTree = SDKROOT; fileEncoding = undefined; lastKnownFileType = wrapper.framework; explicitFileType = undefined; includeInIndex = 0; };
		F8887DF31B0E48E788A85484 /* SafariServices.framework */ = {isa = PBXFileReference; name = "SafariServices.framework"; path = "System/Library/Frameworks/SafariServices.framework"; sourceTree = SDKROOT; fileEncoding = undefined; lastKnownFileType = wrapper.framework; explicitFileType = undefined; includeInIndex = 0; };
		0EEC05F59294460382B9FBD8 /* StoreKit.framework */ = {isa = PBXFileReference; name = "StoreKit.framework"; path = "System/Library/Frameworks/StoreKit.framework"; sourceTree = SDKROOT; fileEncoding = undefined; lastKnownFileType = wrapper.framework; explicitFileType = undefined; includeInIndex = 0; };
		BBFF923932954BF089A7C5B5 /* SystemConfiguration.framework */ = {isa = PBXFileReference; name = "SystemConfiguration.framework"; path = "System/Library/Frameworks/SystemConfiguration.framework"; sourceTree = SDKROOT; fileEncoding = undefined; lastKnownFileType = wrapper.framework; explicitFileType = undefined; includeInIndex = 0; };
		16BDC7E63C124E948968CDC9 /* UIKit.framework */ = {isa = PBXFileReference; name = "UIKit.framework"; path = "System/Library/Frameworks/UIKit.framework"; sourceTree = SDKROOT; fileEncoding = undefined; lastKnownFileType = wrapper.framework; explicitFileType = undefined; includeInIndex = 0; };
		1718892CFEA64DBF8DB38310 /* CDVAppFeelReachability.m */ = {isa = PBXFileReference; name = "CDVAppFeelReachability.m"; path = "cordova-connectivity-monitor/CDVAppFeelReachability.m"; sourceTree = "<group>"; fileEncoding = 4; lastKnownFileType = sourcecode.c.objc; explicitFileType = undefined; includeInIndex = 0; };
		54389C51AEAC4339B68EE1C1 /* AppFeelReachability.m */ = {isa = PBXFileReference; name = "AppFeelReachability.m"; path = "cordova-connectivity-monitor/AppFeelReachability.m"; sourceTree = "<group>"; fileEncoding = 4; lastKnownFileType = sourcecode.c.objc; explicitFileType = undefined; includeInIndex = 0; };
		2C8366BD37AF411184844598 /* CDVAppFeelReachability.h */ = {isa = PBXFileReference; name = "CDVAppFeelReachability.h"; path = "cordova-connectivity-monitor/CDVAppFeelReachability.h"; sourceTree = "<group>"; fileEncoding = 4; lastKnownFileType = sourcecode.c.h; explicitFileType = undefined; includeInIndex = 0; };
		04C87D8F5E2047D29E474461 /* AppFeelReachability.h */ = {isa = PBXFileReference; name = "AppFeelReachability.h"; path = "cordova-connectivity-monitor/AppFeelReachability.h"; sourceTree = "<group>"; fileEncoding = 4; lastKnownFileType = sourcecode.c.h; explicitFileType = undefined; includeInIndex = 0; };
		A91B2BA5EB434C3A8955AD35 /* AddressBook.framework */ = {isa = PBXFileReference; name = "AddressBook.framework"; path = "System/Library/Frameworks/AddressBook.framework"; sourceTree = SDKROOT; fileEncoding = undefined; lastKnownFileType = wrapper.framework; explicitFileType = undefined; includeInIndex = 0; };
		A521AE92A3634B0D9AB74872 /* CoreText.framework */ = {isa = PBXFileReference; name = "CoreText.framework"; path = "System/Library/Frameworks/CoreText.framework"; sourceTree = SDKROOT; fileEncoding = undefined; lastKnownFileType = wrapper.framework; explicitFileType = undefined; includeInIndex = 0; };
		CDA07FDC066543679F1B8ECA /* Security.framework */ = {isa = PBXFileReference; name = "Security.framework"; path = "System/Library/Frameworks/Security.framework"; sourceTree = SDKROOT; fileEncoding = undefined; lastKnownFileType = wrapper.framework; explicitFileType = undefined; includeInIndex = 0; };
		D26B742894C54A9C88B27CB8 /* libz.tbd */ = {isa = PBXFileReference; name = "libz.tbd"; path = "usr/lib/libz.tbd"; sourceTree = SDKROOT; fileEncoding = undefined; lastKnownFileType = sourcecode.text-based-dylib-definition; explicitFileType = undefined; includeInIndex = 0; };
		B9291DDDA6044D26A9FFB335 /* libz.dylib */ = {isa = PBXFileReference; name = "libz.dylib"; path = "usr/lib/libz.dylib"; sourceTree = SDKROOT; fileEncoding = undefined; lastKnownFileType = compiled.mach-o.dylib; explicitFileType = undefined; includeInIndex = 0; };
		3660A9A5F41840BD9C89142D /* Uoft GPA.entitlements */ = {isa = PBXFileReference; lastKnownFileType = unknown; name = "Uoft GPA.entitlements"; path = "Uoft GPA.entitlements"; sourceTree = "<group>"; fileEncoding = 4; };
		2425FE7A63AF41619D3ADC29 /* CDVSplashScreen.m */ = {isa = PBXFileReference; name = "CDVSplashScreen.m"; path = "cordova-plugin-splashscreen/CDVSplashScreen.m"; sourceTree = "<group>"; fileEncoding = 4; lastKnownFileType = sourcecode.c.objc; explicitFileType = undefined; includeInIndex = 0; };
		3ACA192758694BA49DC5A929 /* CDVViewController+SplashScreen.m */ = {isa = PBXFileReference; name = "CDVViewController+SplashScreen.m"; path = "cordova-plugin-splashscreen/CDVViewController+SplashScreen.m"; sourceTree = "<group>"; fileEncoding = 4; lastKnownFileType = sourcecode.c.objc; explicitFileType = undefined; includeInIndex = 0; };
		B9F47D093039487DB09BFF9E /* CDVSplashScreen.h */ = {isa = PBXFileReference; name = "CDVSplashScreen.h"; path = "cordova-plugin-splashscreen/CDVSplashScreen.h"; sourceTree = "<group>"; fileEncoding = 4; lastKnownFileType = sourcecode.c.h; explicitFileType = undefined; includeInIndex = 0; };
		E9588FEF3D46490894C8CF19 /* CDVViewController+SplashScreen.h */ = {isa = PBXFileReference; name = "CDVViewController+SplashScreen.h"; path = "cordova-plugin-splashscreen/CDVViewController+SplashScreen.h"; sourceTree = "<group>"; fileEncoding = 4; lastKnownFileType = sourcecode.c.h; explicitFileType = undefined; includeInIndex = 0; };
		F6C52CD22DCC4779877C8F9B /* AppDelegate+FirebasePlugin.m */ = {isa = PBXFileReference; name = "AppDelegate+FirebasePlugin.m"; path = "cordova-plugin-firebase/AppDelegate+FirebasePlugin.m"; sourceTree = "<group>"; fileEncoding = 4; lastKnownFileType = sourcecode.c.objc; explicitFileType = undefined; includeInIndex = 0; };
		5F7D2A9F5D13429FABC691BD /* FirebasePlugin.m */ = {isa = PBXFileReference; name = "FirebasePlugin.m"; path = "cordova-plugin-firebase/FirebasePlugin.m"; sourceTree = "<group>"; fileEncoding = 4; lastKnownFileType = sourcecode.c.objc; explicitFileType = undefined; includeInIndex = 0; };
		F72C7BE6DD304B769EF5820E /* AppDelegate+FirebasePlugin.h */ = {isa = PBXFileReference; name = "AppDelegate+FirebasePlugin.h"; path = "cordova-plugin-firebase/AppDelegate+FirebasePlugin.h"; sourceTree = "<group>"; fileEncoding = 4; lastKnownFileType = sourcecode.c.h; explicitFileType = undefined; includeInIndex = 0; };
		F75075CC3178401F8D87D7EA /* FirebasePlugin.h */ = {isa = PBXFileReference; name = "FirebasePlugin.h"; path = "cordova-plugin-firebase/FirebasePlugin.h"; sourceTree = "<group>"; fileEncoding = 4; lastKnownFileType = sourcecode.c.h; explicitFileType = undefined; includeInIndex = 0; };
		C366EB21EB4C4DE293DFEDEE /* Firebase.h */ = {isa = PBXFileReference; name = "Firebase.h"; path = "cordova-plugin-firebase/Firebase.h"; sourceTree = "<group>"; fileEncoding = 4; lastKnownFileType = sourcecode.c.h; explicitFileType = undefined; includeInIndex = 0; };
		D3CAC778EC424D9BAB782459 /* GoogleService-Info.plist */ = {isa = PBXFileReference; name = "GoogleService-Info.plist"; path = "GoogleService-Info.plist"; sourceTree = "<group>"; fileEncoding = 4; lastKnownFileType = text.plist.xml; explicitFileType = undefined; includeInIndex = 0; };
		8274E08359104EEEBE92DD32 /* FirebaseAnalytics.framework */ = {isa = PBXFileReference; name = "FirebaseAnalytics.framework"; path = "Uoft GPA/Plugins/cordova-plugin-firebase/FirebaseAnalytics.framework"; sourceTree = "<group>"; fileEncoding = undefined; lastKnownFileType = wrapper.framework; explicitFileType = undefined; includeInIndex = 0; };
		E70BCA145F0C430EBEB7C0E9 /* FirebaseCore.framework */ = {isa = PBXFileReference; name = "FirebaseCore.framework"; path = "Uoft GPA/Plugins/cordova-plugin-firebase/FirebaseCore.framework"; sourceTree = "<group>"; fileEncoding = undefined; lastKnownFileType = wrapper.framework; explicitFileType = undefined; includeInIndex = 0; };
		B343EA756E4C4EAF8DEB249A /* FirebaseInstanceID.framework */ = {isa = PBXFileReference; name = "FirebaseInstanceID.framework"; path = "Uoft GPA/Plugins/cordova-plugin-firebase/FirebaseInstanceID.framework"; sourceTree = "<group>"; fileEncoding = undefined; lastKnownFileType = wrapper.framework; explicitFileType = undefined; includeInIndex = 0; };
		74E4048109BA4CA6B9FA8D8D /* GoogleToolboxForMac.framework */ = {isa = PBXFileReference; name = "GoogleToolboxForMac.framework"; path = "Uoft GPA/Plugins/cordova-plugin-firebase/GoogleToolboxForMac.framework"; sourceTree = "<group>"; fileEncoding = undefined; lastKnownFileType = wrapper.framework; explicitFileType = undefined; includeInIndex = 0; };
		1094EDB4733F414E8589020A /* Protobuf.framework */ = {isa = PBXFileReference; name = "Protobuf.framework"; path = "Uoft GPA/Plugins/cordova-plugin-firebase/Protobuf.framework"; sourceTree = "<group>"; fileEncoding = undefined; lastKnownFileType = wrapper.framework; explicitFileType = undefined; includeInIndex = 0; };
		88F83A62B09B408DAEC9E5C0 /* FirebaseMessaging.framework */ = {isa = PBXFileReference; name = "FirebaseMessaging.framework"; path = "Uoft GPA/Plugins/cordova-plugin-firebase/FirebaseMessaging.framework"; sourceTree = "<group>"; fileEncoding = undefined; lastKnownFileType = wrapper.framework; explicitFileType = undefined; includeInIndex = 0; };
		98F06BF0BF3246A4AA658BEA /* FirebaseCrash.framework */ = {isa = PBXFileReference; name = "FirebaseCrash.framework"; path = "Uoft GPA/Plugins/cordova-plugin-firebase/FirebaseCrash.framework"; sourceTree = "<group>"; fileEncoding = undefined; lastKnownFileType = wrapper.framework; explicitFileType = undefined; includeInIndex = 0; };
		465FEDA19D794F54808D6FCC /* FirebaseRemoteConfig.framework */ = {isa = PBXFileReference; name = "FirebaseRemoteConfig.framework"; path = "Uoft GPA/Plugins/cordova-plugin-firebase/FirebaseRemoteConfig.framework"; sourceTree = "<group>"; fileEncoding = undefined; lastKnownFileType = wrapper.framework; explicitFileType = undefined; includeInIndex = 0; };
/* End PBXFileReference section */

/* Begin PBXFrameworksBuildPhase section */
		1D60588F0D05DD3D006BFB54 /* Frameworks */ = {
			isa = PBXFrameworksBuildPhase;
			buildActionMask = 2147483647;
			files = (
				301BF552109A68D80062928A /* libCordova.a in Frameworks */,
				11A9428B70AD475B9211198D /* libCordovaGenericAd.a in Frameworks */,
				FE1B587104E846DA9622C7B2 /* CFNetwork.framework in Frameworks */,
				AAA64623B2B54B218B3CCB0E /* GoogleMobileAds.framework in Frameworks */,
				1CE52C9CD3B84541A4457693 /* AdSupport.framework in Frameworks */,
				E089924B7DB54C159BB29641 /* AudioToolbox.framework in Frameworks */,
				BBAA8876E07844018649F898 /* AVFoundation.framework in Frameworks */,
				E05551326E674776A807D5F3 /* CoreBluetooth.framework in Frameworks */,
				64DF849407164D07AD24140A /* CoreLocation.framework in Frameworks */,
				BEBA87DE8CFB4D7F8B5E514F /* CoreMedia.framework in Frameworks */,
				AAD6A835FFB84129BAEAA166 /* CoreMotion.framework in Frameworks */,
				D5355BCD483B4F15A417CEE2 /* CoreTelephony.framework in Frameworks */,
				DBE1D307D524416B933B8BB3 /* CoreVideo.framework in Frameworks */,
				6DB638B153894EAD83A44496 /* EventKit.framework in Frameworks */,
				02C85D85B76146108C4ABC83 /* EventKitUI.framework in Frameworks */,
				977C2A983CD6470EBA70A45B /* Foundation.framework in Frameworks */,
				0E20F1C703854BE8BB23D6FF /* GLKit.framework in Frameworks */,
				6F06BDDC1D85472A88A2A8D9 /* MediaPlayer.framework in Frameworks */,
				91C8F2D8A1694CB193267BD4 /* MessageUI.framework in Frameworks */,
				F2643D98C0BD447A92C2CD8F /* OpenGLES.framework in Frameworks */,
				C2812D1F5A22473A9559888F /* SafariServices.framework in Frameworks */,
				93FACB823E2D4281825D89A0 /* StoreKit.framework in Frameworks */,
				DE589B17163C47F6B30066EA /* SystemConfiguration.framework in Frameworks */,
				924F972DAB0041E2BCD1A473 /* UIKit.framework in Frameworks */,
				70D8D058A3ED4287B90D4B73 /* AddressBook.framework in Frameworks */,
				81A8536605384FC6BBCE9660 /* CoreText.framework in Frameworks */,
				A92FF5F36DF54FFF8DAAC24D /* Security.framework in Frameworks */,
				1253C8BB63394C4F80EC9199 /* libz.tbd in Frameworks */,
				8771C8726CAA40D9A7F5B49C /* libz.dylib in Frameworks */,
				6B88BDA8825B481DBFB2DFEC /* FirebaseAnalytics.framework in Frameworks */,
				B573B8958A1B4FC99CFD68E2 /* FirebaseCore.framework in Frameworks */,
				A3524916C151417EA0671C43 /* FirebaseInstanceID.framework in Frameworks */,
				ADC3B22C46474230BCD151DC /* GoogleToolboxForMac.framework in Frameworks */,
				E37EEEC97DB74CC0B0215AF8 /* Protobuf.framework in Frameworks */,
				76C75188FAF349538F4CC2D7 /* FirebaseMessaging.framework in Frameworks */,
				386D08ABF1FF4301A68299B3 /* FirebaseCrash.framework in Frameworks */,
				8DA5F322F5C34D9DBDD9E163 /* FirebaseRemoteConfig.framework in Frameworks */,
			);
			runOnlyForDeploymentPostprocessing = 0;
		};
/* End PBXFrameworksBuildPhase section */

/* Begin PBXGroup section */
		080E96DDFE201D6D7F000001 /* Classes */ = {
			isa = PBXGroup;
			children = (
				302D95EE14D2391D003F00A1 /* MainViewController.h */,
				302D95EF14D2391D003F00A1 /* MainViewController.m */,
				302D95F014D2391D003F00A1 /* MainViewController.xib */,
				1D3623240D0F684500981E51 /* AppDelegate.h */,
				1D3623250D0F684500981E51 /* AppDelegate.m */,
			);
			name = Classes;
			path = "Uoft GPA/Classes";
			sourceTree = SOURCE_ROOT;
		};
		19C28FACFE9D520D11CA2CBB /* Products */ = {
			isa = PBXGroup;
			children = (
				1D6058910D05DD3D006BFB54 /* Uoft GPA.app */,
			);
			name = Products;
			sourceTree = "<group>";
		};
		29B97314FDCFA39411CA2CEA /* CustomTemplate */ = {
			isa = PBXGroup;
			children = (
				EB87FDF41871DAF40020F90C /* config.xml */,
				EB87FDF31871DA8E0020F90C /* www */,
				EB87FDF11871DA420020F90C /* Staging */,
				301BF52D109A57CC0062928A /* CordovaLib.xcodeproj */,
				080E96DDFE201D6D7F000001 /* Classes */,
				307C750510C5A3420062BCA9 /* Plugins */,
				29B97315FDCFA39411CA2CEA /* Other Sources */,
				29B97317FDCFA39411CA2CEA /* Resources */,
				29B97323FDCFA39411CA2CEA /* Frameworks */,
				19C28FACFE9D520D11CA2CBB /* Products */,
			);
			name = CustomTemplate;
			sourceTree = "<group>";
		};
		29B97315FDCFA39411CA2CEA /* Other Sources */ = {
			isa = PBXGroup;
			children = (
				32CA4F630368D1EE00C91783 /* Uoft GPA-Prefix.pch */,
				29B97316FDCFA39411CA2CEA /* main.m */,
				ED33DF2A687741AEAF9F8254 /* Bridging-Header.h */,
			);
			name = "Other Sources";
			path = "Uoft GPA";
			sourceTree = "<group>";
		};
		29B97317FDCFA39411CA2CEA /* Resources */ = {
			isa = PBXGroup;
			children = (
				0207DA571B56EA530066E2B4 /* Images.xcassets */,
				3047A50E1AB8057F00498E2A /* config */,
				8D1107310486CEB800E47090 /* Uoft GPA-Info.plist */,
				3660A9A5F41840BD9C89142D /* Uoft GPA.entitlements */,
				D3CAC778EC424D9BAB782459 /* GoogleService-Info.plist */,
			);
			name = Resources;
			path = "Uoft GPA/Resources";
			sourceTree = "<group>";
		};
		29B97323FDCFA39411CA2CEA /* Frameworks */ = {
			isa = PBXGroup;
			children = (
				F4D7318ACDB542C7A3BC4C58 /* libCordovaGenericAd.a */,
				F02CCFDE0B494FB9ADC91670 /* CFNetwork.framework */,
				757CD187707E4ABB81513482 /* GoogleMobileAds.framework */,
				1939C7B1EC34444DB44A971D /* AdSupport.framework */,
				657C400C20D84F3DBE56724A /* AudioToolbox.framework */,
				AFCE6E578A7B49A0BF58AA08 /* AVFoundation.framework */,
				D7E9E37A053C493B9AD449F5 /* CoreBluetooth.framework */,
				0B4A2FC5007C4C619DBFF421 /* CoreLocation.framework */,
				02336C207ABB4D309524BFE3 /* CoreMedia.framework */,
				57E5E10CA6B142B4B756E77D /* CoreMotion.framework */,
				44229EECF7474F01976CDC28 /* CoreTelephony.framework */,
				6EE1B8F629974915AF136DC1 /* CoreVideo.framework */,
				1BE9C3887EBB406897F78A79 /* EventKit.framework */,
				3DB87489FD0F4D60BFAEE3E5 /* EventKitUI.framework */,
				14B98EA43139444590B404DF /* Foundation.framework */,
				58E5D5A80AD048C891A73CCF /* GLKit.framework */,
				D7EACA5CD6904B19856DF4C5 /* MediaPlayer.framework */,
				225A841DA56E4F4FA643AE34 /* MessageUI.framework */,
				EED752BB18D94B7EA65E052B /* OpenGLES.framework */,
				F8887DF31B0E48E788A85484 /* SafariServices.framework */,
				0EEC05F59294460382B9FBD8 /* StoreKit.framework */,
				BBFF923932954BF089A7C5B5 /* SystemConfiguration.framework */,
				16BDC7E63C124E948968CDC9 /* UIKit.framework */,
				A91B2BA5EB434C3A8955AD35 /* AddressBook.framework */,
				A521AE92A3634B0D9AB74872 /* CoreText.framework */,
				CDA07FDC066543679F1B8ECA /* Security.framework */,
				D26B742894C54A9C88B27CB8 /* libz.tbd */,
				B9291DDDA6044D26A9FFB335 /* libz.dylib */,
				8274E08359104EEEBE92DD32 /* FirebaseAnalytics.framework */,
				E70BCA145F0C430EBEB7C0E9 /* FirebaseCore.framework */,
				B343EA756E4C4EAF8DEB249A /* FirebaseInstanceID.framework */,
				74E4048109BA4CA6B9FA8D8D /* GoogleToolboxForMac.framework */,
				1094EDB4733F414E8589020A /* Protobuf.framework */,
				88F83A62B09B408DAEC9E5C0 /* FirebaseMessaging.framework */,
				98F06BF0BF3246A4AA658BEA /* FirebaseCrash.framework */,
				465FEDA19D794F54808D6FCC /* FirebaseRemoteConfig.framework */,
			);
			name = Frameworks;
			sourceTree = "<group>";
		};
		301BF52E109A57CC0062928A /* Products */ = {
			isa = PBXGroup;
			children = (
				301BF535109A57CC0062928A /* libCordova.a */,
			);
			name = Products;
			sourceTree = "<group>";
		};
		3047A50E1AB8057F00498E2A /* config */ = {
			isa = PBXGroup;
			children = (
				3047A50F1AB8059700498E2A /* build-debug.xcconfig */,
				3047A5101AB8059700498E2A /* build-release.xcconfig */,
				3047A5111AB8059700498E2A /* build.xcconfig */,
			);
			name = config;
			sourceTree = "<group>";
		};
		307C750510C5A3420062BCA9 /* Plugins */ = {
			isa = PBXGroup;
			children = (
				DCDF434E632A45B98D0FEA4A /* CDVLogger.m */,
				12846D47422B4CD6B9FEBB25 /* CDVLogger.h */,
				82DE01276111460585DF6A53 /* CDVDevice.m */,
				46CBEC04524D4F9E8F8C1FC8 /* CDVDevice.h */,
				61CD46EE8D354815B14BC979 /* CDVStatusBar.m */,
				509EBEB2953E482993E678A0 /* CDVStatusBar.h */,
				8BECC76D397A4125B258C3FF /* IonicKeyboard.m */,
				52E083BB3B2742AB9A08AB5B /* IonicKeyboard.h */,
				5860695E53734FB2AE95C55C /* CDVInAppBrowser.m */,
				24F6C0E2BD2C4E9F82F26D77 /* CDVInAppBrowser.h */,
				BC2EC248617541C0B0BB39B2 /* CDVPluginExt.m */,
				1057A60DA44E45D3A75DB4C7 /* PluginAdapterDelegate.h */,
				8CA1A33C448D4231856CE34B /* CDVPluginExt.h */,
				48B4F4320B5F4D53BA196BBB /* GenericAdPlugin.h */,
				80DA7ADC92324D34A675803B /* CDVAdMobPlugin.m */,
				250C0EEA722E4FCABB3A5B33 /* AdMobMediation.m */,
				7680D754B3A04AE29B02BD18 /* CDVAdMobPlugin.h */,
				587BD2F0351E4CA8A8EBAACD /* AdMobMediation.h */,
				1718892CFEA64DBF8DB38310 /* CDVAppFeelReachability.m */,
				54389C51AEAC4339B68EE1C1 /* AppFeelReachability.m */,
				2C8366BD37AF411184844598 /* CDVAppFeelReachability.h */,
				04C87D8F5E2047D29E474461 /* AppFeelReachability.h */,
				2425FE7A63AF41619D3ADC29 /* CDVSplashScreen.m */,
				3ACA192758694BA49DC5A929 /* CDVViewController+SplashScreen.m */,
				B9F47D093039487DB09BFF9E /* CDVSplashScreen.h */,
				E9588FEF3D46490894C8CF19 /* CDVViewController+SplashScreen.h */,
				F6C52CD22DCC4779877C8F9B /* AppDelegate+FirebasePlugin.m */,
				5F7D2A9F5D13429FABC691BD /* FirebasePlugin.m */,
				F72C7BE6DD304B769EF5820E /* AppDelegate+FirebasePlugin.h */,
				F75075CC3178401F8D87D7EA /* FirebasePlugin.h */,
				C366EB21EB4C4DE293DFEDEE /* Firebase.h */,
			);
			name = Plugins;
			path = "Uoft GPA/Plugins";
			sourceTree = SOURCE_ROOT;
		};
		EB87FDF11871DA420020F90C /* Staging */ = {
			isa = PBXGroup;
			children = (
				F840E1F0165FE0F500CFE078 /* config.xml */,
				301BF56E109A69640062928A /* www */,
			);
			name = Staging;
			sourceTree = "<group>";
		};
/* End PBXGroup section */

/* Begin PBXNativeTarget section */
		1D6058900D05DD3D006BFB54 /* Uoft GPA */ = {
			isa = PBXNativeTarget;
			buildConfigurationList = 1D6058960D05DD3E006BFB54 /* Build configuration list for PBXNativeTarget "Uoft GPA" */;
			buildPhases = (
				304B58A110DAC018002A0835 /* Copy www directory */,
				1D60588D0D05DD3D006BFB54 /* Resources */,
				1D60588E0D05DD3D006BFB54 /* Sources */,
				1D60588F0D05DD3D006BFB54 /* Frameworks */,
			);
			buildRules = (
			);
			dependencies = (
				301BF551109A68C00062928A /* PBXTargetDependency */,
			);
			name = "Uoft GPA";
			productName = "Uoft GPA";
			productReference = 1D6058910D05DD3D006BFB54 /* Uoft GPA.app */;
			productType = "com.apple.product-type.application";
		};
/* End PBXNativeTarget section */

/* Begin PBXProject section */
		29B97313FDCFA39411CA2CEA /* Project object */ = {
			isa = PBXProject;
			attributes = {
				LastUpgradeCheck = 510;
			};
			buildConfigurationList = C01FCF4E08A954540054247B /* Build configuration list for PBXProject "__NON-CLI__" */;
			compatibilityVersion = "Xcode 3.2";
			developmentRegion = English;
			hasScannedForEncodings = 1;
			mainGroup = 29B97314FDCFA39411CA2CEA /* CustomTemplate */;
			projectDirPath = "";
			projectReferences = (
				{
					ProductGroup = 301BF52E109A57CC0062928A /* Products */;
					ProjectRef = 301BF52D109A57CC0062928A /* CordovaLib.xcodeproj */;
				},
			);
			projectRoot = "";
			targets = (
				1D6058900D05DD3D006BFB54 /* Uoft GPA */,
			);
		};
/* End PBXProject section */

/* Begin PBXReferenceProxy section */
		301BF535109A57CC0062928A /* libCordova.a */ = {
			isa = PBXReferenceProxy;
			fileType = archive.ar;
			path = libCordova.a;
			remoteRef = 301BF534109A57CC0062928A /* PBXContainerItemProxy */;
			sourceTree = BUILT_PRODUCTS_DIR;
		};
/* End PBXReferenceProxy section */

/* Begin PBXResourcesBuildPhase section */
		1D60588D0D05DD3D006BFB54 /* Resources */ = {
			isa = PBXResourcesBuildPhase;
			buildActionMask = 2147483647;
			files = (
				302D95F214D2391D003F00A1 /* MainViewController.xib in Resources */,
				0207DA581B56EA530066E2B4 /* Images.xcassets in Resources */,
				4DCB1DD4547049E9B7EB35CA /* Uoft GPA.entitlements in Resources */,
				B145A60556B34812BC48364E /* GoogleService-Info.plist in Resources */,
			);
			runOnlyForDeploymentPostprocessing = 0;
		};
/* End PBXResourcesBuildPhase section */

/* Begin PBXShellScriptBuildPhase section */
		304B58A110DAC018002A0835 /* Copy www directory */ = {
			isa = PBXShellScriptBuildPhase;
			buildActionMask = 2147483647;
			files = (
			);
			inputPaths = (
			);
			name = "Copy www directory";
			outputPaths = (
			);
			runOnlyForDeploymentPostprocessing = 0;
			shellPath = /bin/sh;
			shellScript = "NODEJS_PATH=/usr/local/bin; NVM_NODE_PATH=~/.nvm/versions/node/`nvm version 2>/dev/null`/bin; N_NODE_PATH=`find /usr/local/n/versions/node/* -maxdepth 0 -type d 2>/dev/null | tail -1`/bin; XCODE_NODE_PATH=`xcode-select --print-path`/usr/share/xcs/Node/bin; PATH=$NODEJS_PATH:$NVM_NODE_PATH:$N_NODE_PATH:$XCODE_NODE_PATH:$PATH && node cordova/lib/copy-www-build-step.js";
			showEnvVarsInLog = 0;
		};
/* End PBXShellScriptBuildPhase section */

/* Begin PBXSourcesBuildPhase section */
		1D60588E0D05DD3D006BFB54 /* Sources */ = {
			isa = PBXSourcesBuildPhase;
			buildActionMask = 2147483647;
			files = (
				1D60589B0D05DD56006BFB54 /* main.m in Sources */,
				1D3623260D0F684500981E51 /* AppDelegate.m in Sources */,
				302D95F114D2391D003F00A1 /* MainViewController.m in Sources */,
				413F138DA1C94EDC9C2D024C /* CDVLogger.m in Sources */,
				D21E0EB71DDC4AC097791DD2 /* CDVDevice.m in Sources */,
				6C3C88B1F46544FB8E53B86E /* CDVStatusBar.m in Sources */,
				A59B466E579644EFAC66060F /* IonicKeyboard.m in Sources */,
				4C80102DA80A4CE0AFA84E67 /* CDVInAppBrowser.m in Sources */,
				98B3049C4928481CB6FEAF23 /* CDVPluginExt.m in Sources */,
				389C4E79170D4F67AA4DF971 /* CDVAdMobPlugin.m in Sources */,
				C2FAC292457F434E8955FD85 /* AdMobMediation.m in Sources */,
				637355B2242F4624AE153FF4 /* CDVAppFeelReachability.m in Sources */,
				3CC07B67A54849FAB91BBD33 /* AppFeelReachability.m in Sources */,
				38854644734C40B3AEDA4FEF /* CDVSplashScreen.m in Sources */,
				8277093F88A14A35B6DEA46E /* CDVViewController+SplashScreen.m in Sources */,
				A27C213D7C0141CB845D5978 /* AppDelegate+FirebasePlugin.m in Sources */,
				254E2FE45A1E4ED4B690FB6E /* FirebasePlugin.m in Sources */,
			);
			runOnlyForDeploymentPostprocessing = 0;
		};
/* End PBXSourcesBuildPhase section */

/* Begin PBXTargetDependency section */
		301BF551109A68C00062928A /* PBXTargetDependency */ = {
			isa = PBXTargetDependency;
			name = CordovaLib;
			targetProxy = 301BF550109A68C00062928A /* PBXContainerItemProxy */;
		};
/* End PBXTargetDependency section */

/* Begin XCBuildConfiguration section */
		1D6058940D05DD3E006BFB54 /* Debug */ = {
			isa = XCBuildConfiguration;
			baseConfigurationReference = 3047A50F1AB8059700498E2A /* build-debug.xcconfig */;
			buildSettings = {
				ALWAYS_SEARCH_USER_PATHS = NO;
				ASSETCATALOG_COMPILER_APPICON_NAME = AppIcon;
				ASSETCATALOG_COMPILER_LAUNCHIMAGE_NAME = LaunchImage;
				CLANG_ENABLE_MODULES = YES;
				CLANG_ENABLE_OBJC_ARC = YES;
				COPY_PHASE_STRIP = NO;
				GCC_DYNAMIC_NO_PIC = NO;
				GCC_OPTIMIZATION_LEVEL = 0;
				GCC_PRECOMPILE_PREFIX_HEADER = YES;
				GCC_PREFIX_HEADER = "Uoft GPA/Uoft GPA-Prefix.pch";
				GCC_THUMB_SUPPORT = NO;
				GCC_VERSION = "";
				INFOPLIST_FILE = "Uoft GPA/Uoft GPA-Info.plist";
				LD_RUNPATH_SEARCH_PATHS = "@executable_path/Frameworks";
				PRODUCT_NAME = "Uoft GPA";
				FRAMEWORK_SEARCH_PATHS = (
					"$(inherited)",
					"\"Uoft GPA/Plugins/cordova-admobsdk\"",
					"\"Uoft GPA/Plugins/cordova-plugin-admobpro\"",
					"\"Uoft GPA/Plugins/cordova-plugin-googleplus\"",
					"\"Uoft GPA/Plugins/cordova-plugin-googleplus\"",
					"\"Uoft GPA/Plugins/cordova-plugin-googleplus\"",
					"\"Uoft GPA/Plugins/cordova-plugin-googleplus\"",
					"\"Uoft GPA/Plugins/cordova-plugin-googleplus\"",
					"\"Uoft GPA/Plugins/cordova-plugin-googleplus\"",
					"\"Uoft GPA/Plugins/cordova-plugin-googleplus\"",
					"\"Uoft GPA/Plugins/cordova-plugin-googleplus\"",
					"\"Uoft GPA/Plugins/cordova-plugin-googleplus\"",
					"\"Uoft GPA/Plugins/cordova-plugin-googleplus\"",
					"\"Uoft GPA/Plugins/cordova-plugin-googleplus\"",
					"\"Uoft GPA/Plugins/cordova-plugin-googleplus\"",
					"\"Uoft GPA/Plugins/cordova-plugin-firebase\"",
					"\"Uoft GPA/Plugins/cordova-plugin-firebase\"",
					"\"Uoft GPA/Plugins/cordova-plugin-firebase\"",
					"\"Uoft GPA/Plugins/cordova-plugin-firebase\"",
					"\"Uoft GPA/Plugins/cordova-plugin-firebase\"",
					"\"Uoft GPA/Plugins/cordova-plugin-firebase\"",
					"\"Uoft GPA/Plugins/cordova-plugin-firebase\"",
					"\"Uoft GPA/Plugins/cordova-plugin-firebase\"",
				);
				LIBRARY_SEARCH_PATHS = (
					"$(inherited)",
					"\"$(SRCROOT)/Uoft GPA/Plugins/cordova-plugin-extension\"",
				);
				CODE_SIGN_ENTITLEMENTS = "Uoft GPA/Resources/Uoft GPA.entitlements";
			};
			name = Debug;
		};
		1D6058950D05DD3E006BFB54 /* Release */ = {
			isa = XCBuildConfiguration;
			baseConfigurationReference = 3047A5101AB8059700498E2A /* build-release.xcconfig */;
			buildSettings = {
				ALWAYS_SEARCH_USER_PATHS = NO;
				ASSETCATALOG_COMPILER_APPICON_NAME = AppIcon;
				ASSETCATALOG_COMPILER_LAUNCHIMAGE_NAME = LaunchImage;
				CLANG_ENABLE_MODULES = YES;
				CLANG_ENABLE_OBJC_ARC = YES;
				COPY_PHASE_STRIP = YES;
				GCC_PRECOMPILE_PREFIX_HEADER = YES;
				GCC_PREFIX_HEADER = "Uoft GPA/Uoft GPA-Prefix.pch";
				GCC_THUMB_SUPPORT = NO;
				GCC_VERSION = "";
				INFOPLIST_FILE = "Uoft GPA/Uoft GPA-Info.plist";
				PRODUCT_NAME = "Uoft GPA";
				FRAMEWORK_SEARCH_PATHS = (
					"$(inherited)",
					"\"Uoft GPA/Plugins/cordova-admobsdk\"",
					"\"Uoft GPA/Plugins/cordova-plugin-admobpro\"",
					"\"Uoft GPA/Plugins/cordova-plugin-googleplus\"",
					"\"Uoft GPA/Plugins/cordova-plugin-googleplus\"",
					"\"Uoft GPA/Plugins/cordova-plugin-googleplus\"",
					"\"Uoft GPA/Plugins/cordova-plugin-googleplus\"",
					"\"Uoft GPA/Plugins/cordova-plugin-googleplus\"",
					"\"Uoft GPA/Plugins/cordova-plugin-googleplus\"",
					"\"Uoft GPA/Plugins/cordova-plugin-googleplus\"",
					"\"Uoft GPA/Plugins/cordova-plugin-googleplus\"",
					"\"Uoft GPA/Plugins/cordova-plugin-googleplus\"",
					"\"Uoft GPA/Plugins/cordova-plugin-googleplus\"",
					"\"Uoft GPA/Plugins/cordova-plugin-googleplus\"",
					"\"Uoft GPA/Plugins/cordova-plugin-googleplus\"",
					"\"Uoft GPA/Plugins/cordova-plugin-firebase\"",
					"\"Uoft GPA/Plugins/cordova-plugin-firebase\"",
					"\"Uoft GPA/Plugins/cordova-plugin-firebase\"",
					"\"Uoft GPA/Plugins/cordova-plugin-firebase\"",
					"\"Uoft GPA/Plugins/cordova-plugin-firebase\"",
					"\"Uoft GPA/Plugins/cordova-plugin-firebase\"",
					"\"Uoft GPA/Plugins/cordova-plugin-firebase\"",
					"\"Uoft GPA/Plugins/cordova-plugin-firebase\"",
				);
				LIBRARY_SEARCH_PATHS = (
					"$(inherited)",
					"\"$(SRCROOT)/Uoft GPA/Plugins/cordova-plugin-extension\"",
				);
				CODE_SIGN_ENTITLEMENTS = "Uoft GPA/Resources/Uoft GPA.entitlements";
			};
			name = Release;
		};
		C01FCF4F08A954540054247B /* Debug */ = {
			isa = XCBuildConfiguration;
			baseConfigurationReference = 3047A5111AB8059700498E2A /* build.xcconfig */;
			buildSettings = {
				CLANG_ENABLE_MODULES = YES;
				CLANG_ENABLE_OBJC_ARC = YES;
				CLANG_WARN_BOOL_CONVERSION = YES;
				CLANG_WARN_CONSTANT_CONVERSION = YES;
				CLANG_WARN_EMPTY_BODY = YES;
				CLANG_WARN_ENUM_CONVERSION = YES;
				CLANG_WARN_INT_CONVERSION = YES;
				CLANG_WARN__DUPLICATE_METHOD_MATCH = YES;
				GCC_C_LANGUAGE_STANDARD = c99;
				GCC_THUMB_SUPPORT = NO;
				GCC_VERSION = "";
				GCC_WARN_ABOUT_RETURN_TYPE = YES;
				GCC_WARN_UNDECLARED_SELECTOR = YES;
				GCC_WARN_UNINITIALIZED_AUTOS = YES;
				GCC_WARN_UNUSED_FUNCTION = YES;
				GCC_WARN_UNUSED_VARIABLE = YES;
				ONLY_ACTIVE_ARCH = YES;
				SDKROOT = iphoneos;
				SKIP_INSTALL = NO;
				CODE_SIGN_ENTITLEMENTS = "Uoft GPA/Resources/Uoft GPA.entitlements";
			};
			name = Debug;
		};
		C01FCF5008A954540054247B /* Release */ = {
			isa = XCBuildConfiguration;
			baseConfigurationReference = 3047A5111AB8059700498E2A /* build.xcconfig */;
			buildSettings = {
				CLANG_ENABLE_MODULES = YES;
				CLANG_ENABLE_OBJC_ARC = YES;
				CLANG_WARN_BOOL_CONVERSION = YES;
				CLANG_WARN_CONSTANT_CONVERSION = YES;
				CLANG_WARN_EMPTY_BODY = YES;
				CLANG_WARN_ENUM_CONVERSION = YES;
				CLANG_WARN_INT_CONVERSION = YES;
				CLANG_WARN__DUPLICATE_METHOD_MATCH = YES;
				GCC_C_LANGUAGE_STANDARD = c99;
				GCC_THUMB_SUPPORT = NO;
				GCC_VERSION = "";
				GCC_WARN_ABOUT_RETURN_TYPE = YES;
				GCC_WARN_UNDECLARED_SELECTOR = YES;
				GCC_WARN_UNINITIALIZED_AUTOS = YES;
				GCC_WARN_UNUSED_FUNCTION = YES;
				GCC_WARN_UNUSED_VARIABLE = YES;
				SDKROOT = iphoneos;
				SKIP_INSTALL = NO;
				CODE_SIGN_ENTITLEMENTS = "Uoft GPA/Resources/Uoft GPA.entitlements";
			};
			name = Release;
		};
/* End XCBuildConfiguration section */

/* Begin XCConfigurationList section */
		1D6058960D05DD3E006BFB54 /* Build configuration list for PBXNativeTarget "Uoft GPA" */ = {
			isa = XCConfigurationList;
			buildConfigurations = (
				1D6058940D05DD3E006BFB54 /* Debug */,
				1D6058950D05DD3E006BFB54 /* Release */,
			);
			defaultConfigurationIsVisible = 0;
			defaultConfigurationName = Release;
		};
		C01FCF4E08A954540054247B /* Build configuration list for PBXProject "__NON-CLI__" */ = {
			isa = XCConfigurationList;
			buildConfigurations = (
				C01FCF4F08A954540054247B /* Debug */,
				C01FCF5008A954540054247B /* Release */,
			);
			defaultConfigurationIsVisible = 0;
			defaultConfigurationName = Release;
		};
/* End XCConfigurationList section */
	};
	rootObject = 29B97313FDCFA39411CA2CEA /* Project object */;
}
